// !$*UTF8*$!
{
	archiveVersion = 1;
	classes = {
	};
	objectVersion = 52;
	objects = {

/* Begin PBXBuildFile section */
		1E1C51FF24A54E1500DD71A7 /* CHANGELOG.md in Resources */ = {isa = PBXBuildFile; fileRef = 1E1C51FE24A54E1500DD71A7 /* CHANGELOG.md */; };
		1E4EF78A2496D89100EC2CBE /* README.md in Resources */ = {isa = PBXBuildFile; fileRef = 1E4EF7882496D89000EC2CBE /* README.md */; };
		1E4EF78B2496D89100EC2CBE /* LICENSE in Resources */ = {isa = PBXBuildFile; fileRef = 1E4EF7892496D89100EC2CBE /* LICENSE */; };
		1E97FD492496A49D0070611F /* AppDelegate.swift in Sources */ = {isa = PBXBuildFile; fileRef = 1E97FD482496A49D0070611F /* AppDelegate.swift */; };
		1E97FD4B2496A49D0070611F /* ViewController.swift in Sources */ = {isa = PBXBuildFile; fileRef = 1E97FD4A2496A49D0070611F /* ViewController.swift */; };
		1E97FD502496A4A20070611F /* Main.storyboard in Resources */ = {isa = PBXBuildFile; fileRef = 1E97FD4E2496A4A20070611F /* Main.storyboard */; };
		1E97FD5D2496ACC30070611F /* Assets.xcassets in Resources */ = {isa = PBXBuildFile; fileRef = 1E97FD5C2496ACC30070611F /* Assets.xcassets */; };
		1ED94381249AB11E0078D6C0 /* XDebugManager.swift in Sources */ = {isa = PBXBuildFile; fileRef = 1ED94380249AB11E0078D6C0 /* XDebugManager.swift */; };
		1ED94384249ACADF0078D6C0 /* MASShortcut in Frameworks */ = {isa = PBXBuildFile; productRef = 1ED94383249ACADF0078D6C0 /* MASShortcut */; };
/* End PBXBuildFile section */

/* Begin PBXFileReference section */
		1E1C51FE24A54E1500DD71A7 /* CHANGELOG.md */ = {isa = PBXFileReference; lastKnownFileType = net.daringfireball.markdown; path = CHANGELOG.md; sourceTree = "<group>"; };
		1E4EF7882496D89000EC2CBE /* README.md */ = {isa = PBXFileReference; fileEncoding = 4; lastKnownFileType = net.daringfireball.markdown; path = README.md; sourceTree = "<group>"; };
		1E4EF7892496D89100EC2CBE /* LICENSE */ = {isa = PBXFileReference; fileEncoding = 4; lastKnownFileType = text; path = LICENSE; sourceTree = "<group>"; };
		1E97FD452496A49D0070611F /* xDebugToggler.app */ = {isa = PBXFileReference; explicitFileType = wrapper.application; includeInIndex = 0; path = xDebugToggler.app; sourceTree = BUILT_PRODUCTS_DIR; };
		1E97FD482496A49D0070611F /* AppDelegate.swift */ = {isa = PBXFileReference; lastKnownFileType = sourcecode.swift; path = AppDelegate.swift; sourceTree = "<group>"; };
		1E97FD4A2496A49D0070611F /* ViewController.swift */ = {isa = PBXFileReference; lastKnownFileType = sourcecode.swift; path = ViewController.swift; sourceTree = "<group>"; };
		1E97FD4F2496A4A20070611F /* Base */ = {isa = PBXFileReference; lastKnownFileType = file.storyboard; name = Base; path = Base.lproj/Main.storyboard; sourceTree = "<group>"; };
		1E97FD512496A4A20070611F /* Info.plist */ = {isa = PBXFileReference; lastKnownFileType = text.plist.xml; path = Info.plist; sourceTree = "<group>"; };
		1E97FD522496A4A20070611F /* xDebugToggler.entitlements */ = {isa = PBXFileReference; lastKnownFileType = text.plist.entitlements; path = xDebugToggler.entitlements; sourceTree = "<group>"; };
		1E97FD5C2496ACC30070611F /* Assets.xcassets */ = {isa = PBXFileReference; lastKnownFileType = folder.assetcatalog; path = Assets.xcassets; sourceTree = "<group>"; };
		1ED94380249AB11E0078D6C0 /* XDebugManager.swift */ = {isa = PBXFileReference; lastKnownFileType = sourcecode.swift; path = XDebugManager.swift; sourceTree = "<group>"; };
/* End PBXFileReference section */

/* Begin PBXFrameworksBuildPhase section */
		1E97FD422496A49D0070611F /* Frameworks */ = {
			isa = PBXFrameworksBuildPhase;
			buildActionMask = 2147483647;
			files = (
				1ED94384249ACADF0078D6C0 /* MASShortcut in Frameworks */,
			);
			runOnlyForDeploymentPostprocessing = 0;
		};
/* End PBXFrameworksBuildPhase section */

/* Begin PBXGroup section */
		1E97FD3C2496A49D0070611F = {
			isa = PBXGroup;
			children = (
				1E97FD472496A49D0070611F /* xDebugToggler */,
				1E97FD462496A49D0070611F /* Products */,
				1E4EF7892496D89100EC2CBE /* LICENSE */,
				1E4EF7882496D89000EC2CBE /* README.md */,
				1E1C51FE24A54E1500DD71A7 /* CHANGELOG.md */,
			);
			sourceTree = "<group>";
		};
		1E97FD462496A49D0070611F /* Products */ = {
			isa = PBXGroup;
			children = (
				1E97FD452496A49D0070611F /* xDebugToggler.app */,
			);
			name = Products;
			sourceTree = "<group>";
		};
		1E97FD472496A49D0070611F /* xDebugToggler */ = {
			isa = PBXGroup;
			children = (
				1E97FD482496A49D0070611F /* AppDelegate.swift */,
				1E97FD4A2496A49D0070611F /* ViewController.swift */,
				1ED94380249AB11E0078D6C0 /* XDebugManager.swift */,
				1E97FD4E2496A4A20070611F /* Main.storyboard */,
				1E97FD5C2496ACC30070611F /* Assets.xcassets */,
				1E97FD512496A4A20070611F /* Info.plist */,
				1E97FD522496A4A20070611F /* xDebugToggler.entitlements */,
			);
			path = xDebugToggler;
			sourceTree = "<group>";
		};
/* End PBXGroup section */

/* Begin PBXNativeTarget section */
		1E97FD442496A49D0070611F /* xDebugToggler */ = {
			isa = PBXNativeTarget;
			buildConfigurationList = 1E97FD552496A4A20070611F /* Build configuration list for PBXNativeTarget "xDebugToggler" */;
			buildPhases = (
				1E97FD412496A49D0070611F /* Sources */,
				1E97FD422496A49D0070611F /* Frameworks */,
				1E97FD432496A49D0070611F /* Resources */,
			);
			buildRules = (
			);
			dependencies = (
			);
			name = xDebugToggler;
			packageProductDependencies = (
				1ED94383249ACADF0078D6C0 /* MASShortcut */,
			);
			productName = "xDebug Toggler";
			productReference = 1E97FD452496A49D0070611F /* xDebugToggler.app */;
			productType = "com.apple.product-type.application";
		};
/* End PBXNativeTarget section */

/* Begin PBXProject section */
		1E97FD3D2496A49D0070611F /* Project object */ = {
			isa = PBXProject;
			attributes = {
				LastSwiftUpdateCheck = 1150;
				LastUpgradeCheck = 1150;
				ORGANIZATIONNAME = "Yunus Emre Deligöz";
				TargetAttributes = {
					1E97FD442496A49D0070611F = {
						CreatedOnToolsVersion = 11.5;
					};
				};
			};
			buildConfigurationList = 1E97FD402496A49D0070611F /* Build configuration list for PBXProject "xDebugToggler" */;
			compatibilityVersion = "Xcode 9.3";
			developmentRegion = en;
			hasScannedForEncodings = 0;
			knownRegions = (
				en,
				Base,
			);
			mainGroup = 1E97FD3C2496A49D0070611F;
			packageReferences = (
				1ED94382249ACADF0078D6C0 /* XCRemoteSwiftPackageReference "MASShortcut" */,
			);
			productRefGroup = 1E97FD462496A49D0070611F /* Products */;
			projectDirPath = "";
			projectRoot = "";
			targets = (
				1E97FD442496A49D0070611F /* xDebugToggler */,
			);
		};
/* End PBXProject section */

/* Begin PBXResourcesBuildPhase section */
		1E97FD432496A49D0070611F /* Resources */ = {
			isa = PBXResourcesBuildPhase;
			buildActionMask = 2147483647;
			files = (
				1E4EF78A2496D89100EC2CBE /* README.md in Resources */,
				1E1C51FF24A54E1500DD71A7 /* CHANGELOG.md in Resources */,
				1E97FD5D2496ACC30070611F /* Assets.xcassets in Resources */,
				1E4EF78B2496D89100EC2CBE /* LICENSE in Resources */,
				1E97FD502496A4A20070611F /* Main.storyboard in Resources */,
			);
			runOnlyForDeploymentPostprocessing = 0;
		};
/* End PBXResourcesBuildPhase section */

/* Begin PBXSourcesBuildPhase section */
		1E97FD412496A49D0070611F /* Sources */ = {
			isa = PBXSourcesBuildPhase;
			buildActionMask = 2147483647;
			files = (
				1E97FD4B2496A49D0070611F /* ViewController.swift in Sources */,
				1ED94381249AB11E0078D6C0 /* XDebugManager.swift in Sources */,
				1E97FD492496A49D0070611F /* AppDelegate.swift in Sources */,
			);
			runOnlyForDeploymentPostprocessing = 0;
		};
/* End PBXSourcesBuildPhase section */

/* Begin PBXVariantGroup section */
		1E97FD4E2496A4A20070611F /* Main.storyboard */ = {
			isa = PBXVariantGroup;
			children = (
				1E97FD4F2496A4A20070611F /* Base */,
			);
			name = Main.storyboard;
			sourceTree = "<group>";
		};
/* End PBXVariantGroup section */

/* Begin XCBuildConfiguration section */
		1E97FD532496A4A20070611F /* Debug */ = {
			isa = XCBuildConfiguration;
			buildSettings = {
				ALWAYS_SEARCH_USER_PATHS = NO;
				CLANG_ANALYZER_NONNULL = YES;
				CLANG_ANALYZER_NUMBER_OBJECT_CONVERSION = YES_AGGRESSIVE;
				CLANG_CXX_LANGUAGE_STANDARD = "gnu++14";
				CLANG_CXX_LIBRARY = "libc++";
				CLANG_ENABLE_MODULES = YES;
				CLANG_ENABLE_OBJC_ARC = YES;
				CLANG_ENABLE_OBJC_WEAK = YES;
				CLANG_WARN_BLOCK_CAPTURE_AUTORELEASING = YES;
				CLANG_WARN_BOOL_CONVERSION = YES;
				CLANG_WARN_COMMA = YES;
				CLANG_WARN_CONSTANT_CONVERSION = YES;
				CLANG_WARN_DEPRECATED_OBJC_IMPLEMENTATIONS = YES;
				CLANG_WARN_DIRECT_OBJC_ISA_USAGE = YES_ERROR;
				CLANG_WARN_DOCUMENTATION_COMMENTS = YES;
				CLANG_WARN_EMPTY_BODY = YES;
				CLANG_WARN_ENUM_CONVERSION = YES;
				CLANG_WARN_INFINITE_RECURSION = YES;
				CLANG_WARN_INT_CONVERSION = YES;
				CLANG_WARN_NON_LITERAL_NULL_CONVERSION = YES;
				CLANG_WARN_OBJC_IMPLICIT_RETAIN_SELF = YES;
				CLANG_WARN_OBJC_LITERAL_CONVERSION = YES;
				CLANG_WARN_OBJC_ROOT_CLASS = YES_ERROR;
				CLANG_WARN_RANGE_LOOP_ANALYSIS = YES;
				CLANG_WARN_STRICT_PROTOTYPES = YES;
				CLANG_WARN_SUSPICIOUS_MOVE = YES;
				CLANG_WARN_UNGUARDED_AVAILABILITY = YES_AGGRESSIVE;
				CLANG_WARN_UNREACHABLE_CODE = YES;
				CLANG_WARN__DUPLICATE_METHOD_MATCH = YES;
				COPY_PHASE_STRIP = NO;
				DEBUG_INFORMATION_FORMAT = dwarf;
				ENABLE_STRICT_OBJC_MSGSEND = YES;
				ENABLE_TESTABILITY = YES;
				GCC_C_LANGUAGE_STANDARD = gnu11;
				GCC_DYNAMIC_NO_PIC = NO;
				GCC_NO_COMMON_BLOCKS = YES;
				GCC_OPTIMIZATION_LEVEL = 0;
				GCC_PREPROCESSOR_DEFINITIONS = (
					"DEBUG=1",
					"$(inherited)",
				);
				GCC_WARN_64_TO_32_BIT_CONVERSION = YES;
				GCC_WARN_ABOUT_RETURN_TYPE = YES_ERROR;
				GCC_WARN_UNDECLARED_SELECTOR = YES;
				GCC_WARN_UNINITIALIZED_AUTOS = YES_AGGRESSIVE;
				GCC_WARN_UNUSED_FUNCTION = YES;
				GCC_WARN_UNUSED_VARIABLE = YES;
				MACOSX_DEPLOYMENT_TARGET = 10.13;
				MTL_ENABLE_DEBUG_INFO = INCLUDE_SOURCE;
				MTL_FAST_MATH = YES;
				ONLY_ACTIVE_ARCH = YES;
				SDKROOT = macosx;
				SWIFT_ACTIVE_COMPILATION_CONDITIONS = DEBUG;
				SWIFT_OPTIMIZATION_LEVEL = "-Onone";
			};
			name = Debug;
		};
		1E97FD542496A4A20070611F /* Release */ = {
			isa = XCBuildConfiguration;
			buildSettings = {
				ALWAYS_SEARCH_USER_PATHS = NO;
				CLANG_ANALYZER_NONNULL = YES;
				CLANG_ANALYZER_NUMBER_OBJECT_CONVERSION = YES_AGGRESSIVE;
				CLANG_CXX_LANGUAGE_STANDARD = "gnu++14";
				CLANG_CXX_LIBRARY = "libc++";
				CLANG_ENABLE_MODULES = YES;
				CLANG_ENABLE_OBJC_ARC = YES;
				CLANG_ENABLE_OBJC_WEAK = YES;
				CLANG_WARN_BLOCK_CAPTURE_AUTORELEASING = YES;
				CLANG_WARN_BOOL_CONVERSION = YES;
				CLANG_WARN_COMMA = YES;
				CLANG_WARN_CONSTANT_CONVERSION = YES;
				CLANG_WARN_DEPRECATED_OBJC_IMPLEMENTATIONS = YES;
				CLANG_WARN_DIRECT_OBJC_ISA_USAGE = YES_ERROR;
				CLANG_WARN_DOCUMENTATION_COMMENTS = YES;
				CLANG_WARN_EMPTY_BODY = YES;
				CLANG_WARN_ENUM_CONVERSION = YES;
				CLANG_WARN_INFINITE_RECURSION = YES;
				CLANG_WARN_INT_CONVERSION = YES;
				CLANG_WARN_NON_LITERAL_NULL_CONVERSION = YES;
				CLANG_WARN_OBJC_IMPLICIT_RETAIN_SELF = YES;
				CLANG_WARN_OBJC_LITERAL_CONVERSION = YES;
				CLANG_WARN_OBJC_ROOT_CLASS = YES_ERROR;
				CLANG_WARN_RANGE_LOOP_ANALYSIS = YES;
				CLANG_WARN_STRICT_PROTOTYPES = YES;
				CLANG_WARN_SUSPICIOUS_MOVE = YES;
				CLANG_WARN_UNGUARDED_AVAILABILITY = YES_AGGRESSIVE;
				CLANG_WARN_UNREACHABLE_CODE = YES;
				CLANG_WARN__DUPLICATE_METHOD_MATCH = YES;
				COPY_PHASE_STRIP = NO;
				DEBUG_INFORMATION_FORMAT = "dwarf-with-dsym";
				ENABLE_NS_ASSERTIONS = NO;
				ENABLE_STRICT_OBJC_MSGSEND = YES;
				GCC_C_LANGUAGE_STANDARD = gnu11;
				GCC_NO_COMMON_BLOCKS = YES;
				GCC_WARN_64_TO_32_BIT_CONVERSION = YES;
				GCC_WARN_ABOUT_RETURN_TYPE = YES_ERROR;
				GCC_WARN_UNDECLARED_SELECTOR = YES;
				GCC_WARN_UNINITIALIZED_AUTOS = YES_AGGRESSIVE;
				GCC_WARN_UNUSED_FUNCTION = YES;
				GCC_WARN_UNUSED_VARIABLE = YES;
				MACOSX_DEPLOYMENT_TARGET = 10.13;
				MTL_ENABLE_DEBUG_INFO = NO;
				MTL_FAST_MATH = YES;
				SDKROOT = macosx;
				SWIFT_COMPILATION_MODE = wholemodule;
				SWIFT_OPTIMIZATION_LEVEL = "-O";
			};
			name = Release;
		};
		1E97FD562496A4A20070611F /* Debug */ = {
			isa = XCBuildConfiguration;
			buildSettings = {
				ASSETCATALOG_COMPILER_APPICON_NAME = AppIcon;
				CODE_SIGN_ENTITLEMENTS = xDebugToggler/xDebugToggler.entitlements;
				CODE_SIGN_STYLE = Automatic;
				COMBINE_HIDPI_IMAGES = YES;
				DEVELOPMENT_TEAM = FGAL7W2M9U;
				ENABLE_HARDENED_RUNTIME = YES;
				INFOPLIST_FILE = xDebugToggler/Info.plist;
				LD_RUNPATH_SEARCH_PATHS = (
					"$(inherited)",
					"@executable_path/../Frameworks",
				);
				MACOSX_DEPLOYMENT_TARGET = 10.14;
				PRODUCT_BUNDLE_IDENTIFIER = deligoez.xDebugToggler;
				PRODUCT_NAME = "$(TARGET_NAME)";
				SWIFT_VERSION = 5.0;
			};
			name = Debug;
		};
		1E97FD572496A4A20070611F /* Release */ = {
			isa = XCBuildConfiguration;
			buildSettings = {
				ASSETCATALOG_COMPILER_APPICON_NAME = AppIcon;
				CODE_SIGN_ENTITLEMENTS = xDebugToggler/xDebugToggler.entitlements;
				CODE_SIGN_STYLE = Automatic;
				COMBINE_HIDPI_IMAGES = YES;
				DEVELOPMENT_TEAM = FGAL7W2M9U;
				ENABLE_HARDENED_RUNTIME = YES;
				INFOPLIST_FILE = xDebugToggler/Info.plist;
				LD_RUNPATH_SEARCH_PATHS = (
					"$(inherited)",
					"@executable_path/../Frameworks",
				);
				MACOSX_DEPLOYMENT_TARGET = 10.14;
				PRODUCT_BUNDLE_IDENTIFIER = deligoez.xDebugToggler;
				PRODUCT_NAME = "$(TARGET_NAME)";
				SWIFT_VERSION = 5.0;
			};
			name = Release;
		};
/* End XCBuildConfiguration section */

/* Begin XCConfigurationList section */
		1E97FD402496A49D0070611F /* Build configuration list for PBXProject "xDebugToggler" */ = {
			isa = XCConfigurationList;
			buildConfigurations = (
				1E97FD532496A4A20070611F /* Debug */,
				1E97FD542496A4A20070611F /* Release */,
			);
			defaultConfigurationIsVisible = 0;
			defaultConfigurationName = Release;
		};
		1E97FD552496A4A20070611F /* Build configuration list for PBXNativeTarget "xDebugToggler" */ = {
			isa = XCConfigurationList;
			buildConfigurations = (
				1E97FD562496A4A20070611F /* Debug */,
				1E97FD572496A4A20070611F /* Release */,
			);
			defaultConfigurationIsVisible = 0;
			defaultConfigurationName = Release;
		};
/* End XCConfigurationList section */

/* Begin XCRemoteSwiftPackageReference section */
		1ED94382249ACADF0078D6C0 /* XCRemoteSwiftPackageReference "MASShortcut" */ = {
			isa = XCRemoteSwiftPackageReference;
			repositoryURL = "https://github.com/rampatra/MASShortcut";
			requirement = {
				kind = upToNextMajorVersion;
				minimumVersion = 2.4.1;
			};
		};
/* End XCRemoteSwiftPackageReference section */

/* Begin XCSwiftPackageProductDependency section */
		1ED94383249ACADF0078D6C0 /* MASShortcut */ = {
			isa = XCSwiftPackageProductDependency;
			package = 1ED94382249ACADF0078D6C0 /* XCRemoteSwiftPackageReference "MASShortcut" */;
			productName = MASShortcut;
		};
/* End XCSwiftPackageProductDependency section */
	};
	rootObject = 1E97FD3D2496A49D0070611F /* Project object */;
}
