{
  "object": {
    "pins": [
      {
        "package": "MASShortcut",
        "repositoryURL": "https://github.com/rampatra/MASShortcut",
        "state": {
          "branch": null,
          "revision": "883265c7f54368b45b282723ae7c4f2d5e68ab49",
          "version": "2.4.1"
        }
      }
    ]
  },
  "version": 1
}
